
Microsoft Visual Studio Solution File, Format Version 12.00
# Visual Studio 15
VisualStudioVersion = 15.0.28307.421
MinimumVisualStudioVersion = 10.0.40219.1
Project("{FAE04EC0-301F-11D3-BF4B-00C04F79EFBC}") = "OnlineRecruitmentSystem", "OnlineRecruitmentSystem\OnlineRecruitmentSystem.csproj", "{D2C2EFB3-03A0-4F15-93BF-60924B3E6950}"
EndProject
Global
	GlobalSection(SolutionConfigurationPlatforms) = preSolution
		Debug|Any CPU = Debug|Any CPU
		Release|Any CPU = Release|Any CPU
	EndGlobalSection
	GlobalSection(ProjectConfigurationPlatforms) = postSolution
		{D2C2EFB3-03A0-4F15-93BF-60924B3E6950}.Debug|Any CPU.ActiveCfg = Debug|Any CPU
		{D2C2EFB3-03A0-4F15-93BF-60924B3E6950}.Debug|Any CPU.Build.0 = Debug|Any CPU
		{D2C2EFB3-03A0-4F15-93BF-60924B3E6950}.Release|Any CPU.ActiveCfg = Release|Any CPU
		{D2C2EFB3-03A0-4F15-93BF-60924B3E6950}.Release|Any CPU.Build.0 = Release|Any CPU
	EndGlobalSection
	GlobalSection(SolutionProperties) = preSolution
		HideSolutionNode = FALSE
	EndGlobalSection
	GlobalSection(ExtensibilityGlobals) = postSolution
		SolutionGuid = {364011C4-9A13-4FE3-B3C2-97977BC5F4AD}
	EndGlobalSection
EndGlobal
